// !$*UTF8*$!
{
	archiveVersion = 1;
	classes = {
	};
	objectVersion = 50;
	objects = {

/* Begin PBXBuildFile section */
		09537390FCE2CAE4D6B58E77 /* Pods_Lottery.framework in Frameworks */ = {isa = PBXBuildFile; fileRef = 61DA86DAF5744C59A475EA0D /* Pods_Lottery.framework */; };
		8E0BA95F22E305E2004A97D2 /* Main.storyboard in Resources */ = {isa = PBXBuildFile; fileRef = 8E0BA95D22E305E2004A97D2 /* Main.storyboard */; };
		8E0BA96122E305E4004A97D2 /* Assets.xcassets in Resources */ = {isa = PBXBuildFile; fileRef = 8E0BA96022E305E4004A97D2 /* Assets.xcassets */; };
		8E0BA96422E305E4004A97D2 /* LaunchScreen.storyboard in Resources */ = {isa = PBXBuildFile; fileRef = 8E0BA96222E305E4004A97D2 /* LaunchScreen.storyboard */; };
		8E0BA9AB22E31FB0004A97D2 /* ViewController.m in Sources */ = {isa = PBXBuildFile; fileRef = 8E0BA9A922E31FB0004A97D2 /* ViewController.m */; };
		8E0BA9B722E31FBD004A97D2 /* SNTransitionBaseViewController.m in Sources */ = {isa = PBXBuildFile; fileRef = 8E0BA9B022E31FBD004A97D2 /* SNTransitionBaseViewController.m */; };
		8E0BA9B822E31FBD004A97D2 /* SNTransitionPresenPushStyleAnimator.m in Sources */ = {isa = PBXBuildFile; fileRef = 8E0BA9B122E31FBD004A97D2 /* SNTransitionPresenPushStyleAnimator.m */; };
		8E0BA9B922E31FBD004A97D2 /* SNTransitionDismissPopStyleAnimator.m in Sources */ = {isa = PBXBuildFile; fileRef = 8E0BA9B522E31FBD004A97D2 /* SNTransitionDismissPopStyleAnimator.m */; };
		8E0BA9BA22E31FBD004A97D2 /* PushWebViewController.m in Sources */ = {isa = PBXBuildFile; fileRef = 8E0BA9B622E31FBD004A97D2 /* PushWebViewController.m */; };
		8E0BA9C122E31FC8004A97D2 /* main.m in Sources */ = {isa = PBXBuildFile; fileRef = 8E0BA9BD22E31FC8004A97D2 /* main.m */; };
		8E0BA9C222E31FC8004A97D2 /* AppDelegate.m in Sources */ = {isa = PBXBuildFile; fileRef = 8E0BA9BE22E31FC8004A97D2 /* AppDelegate.m */; };
		8E0BA9E222E32328004A97D2 /* info.plist in Resources */ = {isa = PBXBuildFile; fileRef = 8E0BA9E122E32328004A97D2 /* info.plist */; };
		8E0BA9E522E324E3004A97D2 /* SNTabBarController.m in Sources */ = {isa = PBXBuildFile; fileRef = 8E0BA9E422E324E3004A97D2 /* SNTabBarController.m */; };
		8E0BA9E822E325B7004A97D2 /* DiscoverViewController.m in Sources */ = {isa = PBXBuildFile; fileRef = 8E0BA9E722E325B7004A97D2 /* DiscoverViewController.m */; };
		8E0BA9EB22E325C8004A97D2 /* MyLotteryViewController.m in Sources */ = {isa = PBXBuildFile; fileRef = 8E0BA9EA22E325C8004A97D2 /* MyLotteryViewController.m */; };
		8E0BA9EE22E325D5004A97D2 /* HistoryViewController.m in Sources */ = {isa = PBXBuildFile; fileRef = 8E0BA9ED22E325D5004A97D2 /* HistoryViewController.m */; };
		8E0BA9F122E325DF004A97D2 /* ArenaViewController.m in Sources */ = {isa = PBXBuildFile; fileRef = 8E0BA9F022E325DF004A97D2 /* ArenaViewController.m */; };
		8E0BA9F422E325EA004A97D2 /* HallViewController.m in Sources */ = {isa = PBXBuildFile; fileRef = 8E0BA9F322E325EA004A97D2 /* HallViewController.m */; };
		8E0BA9F722E32A7C004A97D2 /* xbuild.sh in Resources */ = {isa = PBXBuildFile; fileRef = 8E0BA9F622E32A7C004A97D2 /* xbuild.sh */; };
		8E0BA9F922E32A83004A97D2 /* build.scpt in Resources */ = {isa = PBXBuildFile; fileRef = 8E0BA9F822E32A83004A97D2 /* build.scpt */; };
		8E0BA9FC22E33048004A97D2 /* SNTabBar.m in Sources */ = {isa = PBXBuildFile; fileRef = 8E0BA9FB22E33048004A97D2 /* SNTabBar.m */; };
		8E0BAA2122E3566F004A97D2 /* SNNavigationController.m in Sources */ = {isa = PBXBuildFile; fileRef = 8E0BAA2022E3566F004A97D2 /* SNNavigationController.m */; };
		8E0BAA2422E3793D004A97D2 /* SNNoTitleNavigationController.m in Sources */ = {isa = PBXBuildFile; fileRef = 8E0BAA2322E3793D004A97D2 /* SNNoTitleNavigationController.m */; };
		8E0BAA2722E382DC004A97D2 /* SNFullScreenNavigationController.m in Sources */ = {isa = PBXBuildFile; fileRef = 8E0BAA2622E382DC004A97D2 /* SNFullScreenNavigationController.m */; };
		8E0BAA2B22E41C73004A97D2 /* NewFeatureViewController.m in Sources */ = {isa = PBXBuildFile; fileRef = 8E0BAA2A22E41C73004A97D2 /* NewFeatureViewController.m */; };
		8E0BAA3022E41F51004A97D2 /* SNSaveTool.m in Sources */ = {isa = PBXBuildFile; fileRef = 8E0BAA2F22E41F51004A97D2 /* SNSaveTool.m */; };
		8E0BAA3422E421A8004A97D2 /* SNRootViewController.m in Sources */ = {isa = PBXBuildFile; fileRef = 8E0BAA3322E421A8004A97D2 /* SNRootViewController.m */; };
/* End PBXBuildFile section */

/* Begin PBXFileReference section */
		06699B1FF1EAC2B3724C25A3 /* Pods-Lottery.debug.xcconfig */ = {isa = PBXFileReference; includeInIndex = 1; lastKnownFileType = text.xcconfig; name = "Pods-Lottery.debug.xcconfig"; path = "Target Support Files/Pods-Lottery/Pods-Lottery.debug.xcconfig"; sourceTree = "<group>"; };
		4A816BF6D4A1AA19CBD7B044 /* Pods-Lottery.release.xcconfig */ = {isa = PBXFileReference; includeInIndex = 1; lastKnownFileType = text.xcconfig; name = "Pods-Lottery.release.xcconfig"; path = "Target Support Files/Pods-Lottery/Pods-Lottery.release.xcconfig"; sourceTree = "<group>"; };
		61DA86DAF5744C59A475EA0D /* Pods_Lottery.framework */ = {isa = PBXFileReference; explicitFileType = wrapper.framework; includeInIndex = 0; path = Pods_Lottery.framework; sourceTree = BUILT_PRODUCTS_DIR; };
		8E0BA95422E305E2004A97D2 /* Lottery.app */ = {isa = PBXFileReference; explicitFileType = wrapper.application; includeInIndex = 0; path = Lottery.app; sourceTree = BUILT_PRODUCTS_DIR; };
		8E0BA95E22E305E2004A97D2 /* Base */ = {isa = PBXFileReference; lastKnownFileType = file.storyboard; name = Base; path = Base.lproj/Main.storyboard; sourceTree = "<group>"; };
		8E0BA96022E305E4004A97D2 /* Assets.xcassets */ = {isa = PBXFileReference; lastKnownFileType = folder.assetcatalog; path = Assets.xcassets; sourceTree = "<group>"; };
		8E0BA96322E305E4004A97D2 /* Base */ = {isa = PBXFileReference; lastKnownFileType = file.storyboard; name = Base; path = Base.lproj/LaunchScreen.storyboard; sourceTree = "<group>"; };
		8E0BA9A922E31FB0004A97D2 /* ViewController.m */ = {isa = PBXFileReference; fileEncoding = 4; lastKnownFileType = sourcecode.c.objc; path = ViewController.m; sourceTree = "<group>"; };
		8E0BA9AA22E31FB0004A97D2 /* ViewController.h */ = {isa = PBXFileReference; fileEncoding = 4; lastKnownFileType = sourcecode.c.h; path = ViewController.h; sourceTree = "<group>"; };
		8E0BA9AE22E31FBD004A97D2 /* PushWebViewController.h */ = {isa = PBXFileReference; fileEncoding = 4; lastKnownFileType = sourcecode.c.h; path = PushWebViewController.h; sourceTree = "<group>"; };
		8E0BA9B022E31FBD004A97D2 /* SNTransitionBaseViewController.m */ = {isa = PBXFileReference; fileEncoding = 4; lastKnownFileType = sourcecode.c.objc; path = SNTransitionBaseViewController.m; sourceTree = "<group>"; };
		8E0BA9B122E31FBD004A97D2 /* SNTransitionPresenPushStyleAnimator.m */ = {isa = PBXFileReference; fileEncoding = 4; lastKnownFileType = sourcecode.c.objc; path = SNTransitionPresenPushStyleAnimator.m; sourceTree = "<group>"; };
		8E0BA9B222E31FBD004A97D2 /* SNTransitionDismissPopStyleAnimator.h */ = {isa = PBXFileReference; fileEncoding = 4; lastKnownFileType = sourcecode.c.h; path = SNTransitionDismissPopStyleAnimator.h; sourceTree = "<group>"; };
		8E0BA9B322E31FBD004A97D2 /* SNTransitionBaseViewController.h */ = {isa = PBXFileReference; fileEncoding = 4; lastKnownFileType = sourcecode.c.h; path = SNTransitionBaseViewController.h; sourceTree = "<group>"; };
		8E0BA9B422E31FBD004A97D2 /* SNTransitionPresenPushStyleAnimator.h */ = {isa = PBXFileReference; fileEncoding = 4; lastKnownFileType = sourcecode.c.h; path = SNTransitionPresenPushStyleAnimator.h; sourceTree = "<group>"; };
		8E0BA9B522E31FBD004A97D2 /* SNTransitionDismissPopStyleAnimator.m */ = {isa = PBXFileReference; fileEncoding = 4; lastKnownFileType = sourcecode.c.objc; path = SNTransitionDismissPopStyleAnimator.m; sourceTree = "<group>"; };
		8E0BA9B622E31FBD004A97D2 /* PushWebViewController.m */ = {isa = PBXFileReference; fileEncoding = 4; lastKnownFileType = sourcecode.c.objc; path = PushWebViewController.m; sourceTree = "<group>"; };
		8E0BA9BC22E31FC8004A97D2 /* AppDelegate.h */ = {isa = PBXFileReference; fileEncoding = 4; lastKnownFileType = sourcecode.c.h; path = AppDelegate.h; sourceTree = "<group>"; };
		8E0BA9BD22E31FC8004A97D2 /* main.m */ = {isa = PBXFileReference; fileEncoding = 4; lastKnownFileType = sourcecode.c.objc; path = main.m; sourceTree = "<group>"; };
		8E0BA9BE22E31FC8004A97D2 /* AppDelegate.m */ = {isa = PBXFileReference; fileEncoding = 4; lastKnownFileType = sourcecode.c.objc; path = AppDelegate.m; sourceTree = "<group>"; };
		8E0BA9BF22E31FC8004A97D2 /* SNPrefix.pch */ = {isa = PBXFileReference; fileEncoding = 4; lastKnownFileType = sourcecode.c.h; path = SNPrefix.pch; sourceTree = "<group>"; };
		8E0BA9E122E32328004A97D2 /* info.plist */ = {isa = PBXFileReference; lastKnownFileType = text.plist.xml; path = info.plist; sourceTree = "<group>"; };
		8E0BA9E322E324E3004A97D2 /* SNTabBarController.h */ = {isa = PBXFileReference; lastKnownFileType = sourcecode.c.h; path = SNTabBarController.h; sourceTree = "<group>"; };
		8E0BA9E422E324E3004A97D2 /* SNTabBarController.m */ = {isa = PBXFileReference; lastKnownFileType = sourcecode.c.objc; path = SNTabBarController.m; sourceTree = "<group>"; };
		8E0BA9E622E325B7004A97D2 /* DiscoverViewController.h */ = {isa = PBXFileReference; lastKnownFileType = sourcecode.c.h; path = DiscoverViewController.h; sourceTree = "<group>"; };
		8E0BA9E722E325B7004A97D2 /* DiscoverViewController.m */ = {isa = PBXFileReference; lastKnownFileType = sourcecode.c.objc; path = DiscoverViewController.m; sourceTree = "<group>"; };
		8E0BA9E922E325C8004A97D2 /* MyLotteryViewController.h */ = {isa = PBXFileReference; lastKnownFileType = sourcecode.c.h; path = MyLotteryViewController.h; sourceTree = "<group>"; };
		8E0BA9EA22E325C8004A97D2 /* MyLotteryViewController.m */ = {isa = PBXFileReference; lastKnownFileType = sourcecode.c.objc; path = MyLotteryViewController.m; sourceTree = "<group>"; };
		8E0BA9EC22E325D5004A97D2 /* HistoryViewController.h */ = {isa = PBXFileReference; lastKnownFileType = sourcecode.c.h; path = HistoryViewController.h; sourceTree = "<group>"; };
		8E0BA9ED22E325D5004A97D2 /* HistoryViewController.m */ = {isa = PBXFileReference; lastKnownFileType = sourcecode.c.objc; path = HistoryViewController.m; sourceTree = "<group>"; };
		8E0BA9EF22E325DF004A97D2 /* ArenaViewController.h */ = {isa = PBXFileReference; lastKnownFileType = sourcecode.c.h; path = ArenaViewController.h; sourceTree = "<group>"; };
		8E0BA9F022E325DF004A97D2 /* ArenaViewController.m */ = {isa = PBXFileReference; lastKnownFileType = sourcecode.c.objc; path = ArenaViewController.m; sourceTree = "<group>"; };
		8E0BA9F222E325EA004A97D2 /* HallViewController.h */ = {isa = PBXFileReference; lastKnownFileType = sourcecode.c.h; path = HallViewController.h; sourceTree = "<group>"; };
		8E0BA9F322E325EA004A97D2 /* HallViewController.m */ = {isa = PBXFileReference; lastKnownFileType = sourcecode.c.objc; path = HallViewController.m; sourceTree = "<group>"; };
		8E0BA9F522E32A71004A97D2 /* README.md */ = {isa = PBXFileReference; lastKnownFileType = net.daringfireball.markdown; path = README.md; sourceTree = "<group>"; };
		8E0BA9F622E32A7C004A97D2 /* xbuild.sh */ = {isa = PBXFileReference; fileEncoding = 4; lastKnownFileType = text.script.sh; path = xbuild.sh; sourceTree = "<group>"; };
		8E0BA9F822E32A83004A97D2 /* build.scpt */ = {isa = PBXFileReference; fileEncoding = 4; lastKnownFileType = text; path = build.scpt; sourceTree = "<group>"; };
		8E0BA9FA22E33048004A97D2 /* SNTabBar.h */ = {isa = PBXFileReference; lastKnownFileType = sourcecode.c.h; path = SNTabBar.h; sourceTree = "<group>"; };
		8E0BA9FB22E33048004A97D2 /* SNTabBar.m */ = {isa = PBXFileReference; lastKnownFileType = sourcecode.c.objc; path = SNTabBar.m; sourceTree = "<group>"; };
		8E0BAA1F22E3566F004A97D2 /* SNNavigationController.h */ = {isa = PBXFileReference; lastKnownFileType = sourcecode.c.h; path = SNNavigationController.h; sourceTree = "<group>"; };
		8E0BAA2022E3566F004A97D2 /* SNNavigationController.m */ = {isa = PBXFileReference; lastKnownFileType = sourcecode.c.objc; path = SNNavigationController.m; sourceTree = "<group>"; };
		8E0BAA2222E3793D004A97D2 /* SNNoTitleNavigationController.h */ = {isa = PBXFileReference; lastKnownFileType = sourcecode.c.h; path = SNNoTitleNavigationController.h; sourceTree = "<group>"; };
		8E0BAA2322E3793D004A97D2 /* SNNoTitleNavigationController.m */ = {isa = PBXFileReference; lastKnownFileType = sourcecode.c.objc; path = SNNoTitleNavigationController.m; sourceTree = "<group>"; };
		8E0BAA2522E382DC004A97D2 /* SNFullScreenNavigationController.h */ = {isa = PBXFileReference; lastKnownFileType = sourcecode.c.h; path = SNFullScreenNavigationController.h; sourceTree = "<group>"; };
		8E0BAA2622E382DC004A97D2 /* SNFullScreenNavigationController.m */ = {isa = PBXFileReference; lastKnownFileType = sourcecode.c.objc; path = SNFullScreenNavigationController.m; sourceTree = "<group>"; };
		8E0BAA2922E41C73004A97D2 /* NewFeatureViewController.h */ = {isa = PBXFileReference; lastKnownFileType = sourcecode.c.h; path = NewFeatureViewController.h; sourceTree = "<group>"; };
		8E0BAA2A22E41C73004A97D2 /* NewFeatureViewController.m */ = {isa = PBXFileReference; lastKnownFileType = sourcecode.c.objc; path = NewFeatureViewController.m; sourceTree = "<group>"; };
		8E0BAA2E22E41F51004A97D2 /* SNSaveTool.h */ = {isa = PBXFileReference; lastKnownFileType = sourcecode.c.h; path = SNSaveTool.h; sourceTree = "<group>"; };
		8E0BAA2F22E41F51004A97D2 /* SNSaveTool.m */ = {isa = PBXFileReference; lastKnownFileType = sourcecode.c.objc; path = SNSaveTool.m; sourceTree = "<group>"; };
		8E0BAA3222E421A8004A97D2 /* SNRootViewController.h */ = {isa = PBXFileReference; lastKnownFileType = sourcecode.c.h; path = SNRootViewController.h; sourceTree = "<group>"; };
		8E0BAA3322E421A8004A97D2 /* SNRootViewController.m */ = {isa = PBXFileReference; lastKnownFileType = sourcecode.c.objc; path = SNRootViewController.m; sourceTree = "<group>"; };
/* End PBXFileReference section */

/* Begin PBXFrameworksBuildPhase section */
		8E0BA95122E305E2004A97D2 /* Frameworks */ = {
			isa = PBXFrameworksBuildPhase;
			buildActionMask = 2147483647;
			files = (
				09537390FCE2CAE4D6B58E77 /* Pods_Lottery.framework in Frameworks */,
			);
			runOnlyForDeploymentPostprocessing = 0;
		};
/* End PBXFrameworksBuildPhase section */

/* Begin PBXGroup section */
		8E0BA94B22E305E2004A97D2 = {
			isa = PBXGroup;
			children = (
				8E0BA9F822E32A83004A97D2 /* build.scpt */,
				8E0BA9F622E32A7C004A97D2 /* xbuild.sh */,
				8E0BA9F522E32A71004A97D2 /* README.md */,
				8E0BA95622E305E2004A97D2 /* Lottery */,
				8E0BA95522E305E2004A97D2 /* Products */,
				E01AE5E1465A19B4744E71CC /* Pods */,
				9BBC50E11B79A8B7D314A237 /* Frameworks */,
			);
			sourceTree = "<group>";
		};
		8E0BA95522E305E2004A97D2 /* Products */ = {
			isa = PBXGroup;
			children = (
				8E0BA95422E305E2004A97D2 /* Lottery.app */,
			);
			name = Products;
			sourceTree = "<group>";
		};
		8E0BA95622E305E2004A97D2 /* Lottery */ = {
			isa = PBXGroup;
			children = (
				8E0BA9BB22E31FC8004A97D2 /* Other */,
				8E0BA9AD22E31FBD004A97D2 /* Lib */,
				8E0BA9AC22E31FB7004A97D2 /* Categories */,
				8E0BA9A822E31FB0004A97D2 /* Base */,
				8E0BA9C422E32076004A97D2 /* Classes */,
				8E0BA96022E305E4004A97D2 /* Assets.xcassets */,
				8E0BA95D22E305E2004A97D2 /* Main.storyboard */,
				8E0BA96222E305E4004A97D2 /* LaunchScreen.storyboard */,
				8E0BA9BD22E31FC8004A97D2 /* main.m */,
				8E0BA9BC22E31FC8004A97D2 /* AppDelegate.h */,
				8E0BA9BE22E31FC8004A97D2 /* AppDelegate.m */,
				8E0BA9BF22E31FC8004A97D2 /* SNPrefix.pch */,
				8E0BA9E122E32328004A97D2 /* info.plist */,
			);
			path = Lottery;
			sourceTree = "<group>";
		};
		8E0BA9A822E31FB0004A97D2 /* Base */ = {
			isa = PBXGroup;
			children = (
				8E0BA9A922E31FB0004A97D2 /* ViewController.m */,
				8E0BA9AA22E31FB0004A97D2 /* ViewController.h */,
			);
			path = Base;
			sourceTree = "<group>";
		};
		8E0BA9AC22E31FB7004A97D2 /* Categories */ = {
			isa = PBXGroup;
			children = (
			);
			path = Categories;
			sourceTree = "<group>";
		};
		8E0BA9AD22E31FBD004A97D2 /* Lib */ = {
			isa = PBXGroup;
			children = (
				8E0BA9AF22E31FBD004A97D2 /* PushAnimation */,
				8E0BA9AE22E31FBD004A97D2 /* PushWebViewController.h */,
				8E0BA9B622E31FBD004A97D2 /* PushWebViewController.m */,
			);
			path = Lib;
			sourceTree = "<group>";
		};
		8E0BA9AF22E31FBD004A97D2 /* PushAnimation */ = {
			isa = PBXGroup;
			children = (
				8E0BA9B322E31FBD004A97D2 /* SNTransitionBaseViewController.h */,
				8E0BA9B022E31FBD004A97D2 /* SNTransitionBaseViewController.m */,
				8E0BA9B222E31FBD004A97D2 /* SNTransitionDismissPopStyleAnimator.h */,
				8E0BA9B522E31FBD004A97D2 /* SNTransitionDismissPopStyleAnimator.m */,
				8E0BA9B422E31FBD004A97D2 /* SNTransitionPresenPushStyleAnimator.h */,
				8E0BA9B122E31FBD004A97D2 /* SNTransitionPresenPushStyleAnimator.m */,
			);
			path = PushAnimation;
			sourceTree = "<group>";
		};
		8E0BA9BB22E31FC8004A97D2 /* Other */ = {
			isa = PBXGroup;
			children = (
			);
			path = Other;
			sourceTree = "<group>";
		};
		8E0BA9C422E32076004A97D2 /* Classes */ = {
			isa = PBXGroup;
			children = (
				8E0BAA3122E4216B004A97D2 /* RootViewController */,
				8E0BAA2C22E41EE4004A97D2 /* Tool */,
				8E0BAA2822E41C4B004A97D2 /* NewFeature */,
				8E0BA9D922E32076004A97D2 /* Hall */,
				8E0BA9D122E32076004A97D2 /* Arena */,
				8E0BA9C522E32076004A97D2 /* Discover */,
				8E0BA9CD22E32076004A97D2 /* History */,
				8E0BA9C922E32076004A97D2 /* MyLottery */,
				8E0BA9D522E32076004A97D2 /* Main */,
				8E0BA9E322E324E3004A97D2 /* SNTabBarController.h */,
				8E0BA9E422E324E3004A97D2 /* SNTabBarController.m */,
				8E0BAA1F22E3566F004A97D2 /* SNNavigationController.h */,
				8E0BAA2022E3566F004A97D2 /* SNNavigationController.m */,
				8E0BAA2222E3793D004A97D2 /* SNNoTitleNavigationController.h */,
				8E0BAA2322E3793D004A97D2 /* SNNoTitleNavigationController.m */,
				8E0BAA2522E382DC004A97D2 /* SNFullScreenNavigationController.h */,
				8E0BAA2622E382DC004A97D2 /* SNFullScreenNavigationController.m */,
				8E0BA9FA22E33048004A97D2 /* SNTabBar.h */,
				8E0BA9FB22E33048004A97D2 /* SNTabBar.m */,
			);
			path = Classes;
			sourceTree = "<group>";
		};
		8E0BA9C522E32076004A97D2 /* Discover */ = {
			isa = PBXGroup;
			children = (
				8E0BA9C622E32076004A97D2 /* Controller */,
				8E0BA9C722E32076004A97D2 /* Model */,
				8E0BA9C822E32076004A97D2 /* View */,
			);
			path = Discover;
			sourceTree = "<group>";
		};
		8E0BA9C622E32076004A97D2 /* Controller */ = {
			isa = PBXGroup;
			children = (
				8E0BA9E622E325B7004A97D2 /* DiscoverViewController.h */,
				8E0BA9E722E325B7004A97D2 /* DiscoverViewController.m */,
			);
			path = Controller;
			sourceTree = "<group>";
		};
		8E0BA9C722E32076004A97D2 /* Model */ = {
			isa = PBXGroup;
			children = (
			);
			path = Model;
			sourceTree = "<group>";
		};
		8E0BA9C822E32076004A97D2 /* View */ = {
			isa = PBXGroup;
			children = (
			);
			path = View;
			sourceTree = "<group>";
		};
		8E0BA9C922E32076004A97D2 /* MyLottery */ = {
			isa = PBXGroup;
			children = (
				8E0BA9CA22E32076004A97D2 /* Controller */,
				8E0BA9CB22E32076004A97D2 /* Model */,
				8E0BA9CC22E32076004A97D2 /* View */,
			);
			path = MyLottery;
			sourceTree = "<group>";
		};
		8E0BA9CA22E32076004A97D2 /* Controller */ = {
			isa = PBXGroup;
			children = (
				8E0BA9E922E325C8004A97D2 /* MyLotteryViewController.h */,
				8E0BA9EA22E325C8004A97D2 /* MyLotteryViewController.m */,
			);
			path = Controller;
			sourceTree = "<group>";
		};
		8E0BA9CB22E32076004A97D2 /* Model */ = {
			isa = PBXGroup;
			children = (
			);
			path = Model;
			sourceTree = "<group>";
		};
		8E0BA9CC22E32076004A97D2 /* View */ = {
			isa = PBXGroup;
			children = (
			);
			path = View;
			sourceTree = "<group>";
		};
		8E0BA9CD22E32076004A97D2 /* History */ = {
			isa = PBXGroup;
			children = (
				8E0BA9CE22E32076004A97D2 /* Controller */,
				8E0BA9CF22E32076004A97D2 /* Model */,
				8E0BA9D022E32076004A97D2 /* View */,
			);
			path = History;
			sourceTree = "<group>";
		};
		8E0BA9CE22E32076004A97D2 /* Controller */ = {
			isa = PBXGroup;
			children = (
				8E0BA9EC22E325D5004A97D2 /* HistoryViewController.h */,
				8E0BA9ED22E325D5004A97D2 /* HistoryViewController.m */,
			);
			path = Controller;
			sourceTree = "<group>";
		};
		8E0BA9CF22E32076004A97D2 /* Model */ = {
			isa = PBXGroup;
			children = (
			);
			path = Model;
			sourceTree = "<group>";
		};
		8E0BA9D022E32076004A97D2 /* View */ = {
			isa = PBXGroup;
			children = (
			);
			path = View;
			sourceTree = "<group>";
		};
		8E0BA9D122E32076004A97D2 /* Arena */ = {
			isa = PBXGroup;
			children = (
				8E0BA9D222E32076004A97D2 /* Controller */,
				8E0BA9D322E32076004A97D2 /* Model */,
				8E0BA9D422E32076004A97D2 /* View */,
			);
			path = Arena;
			sourceTree = "<group>";
		};
		8E0BA9D222E32076004A97D2 /* Controller */ = {
			isa = PBXGroup;
			children = (
				8E0BA9EF22E325DF004A97D2 /* ArenaViewController.h */,
				8E0BA9F022E325DF004A97D2 /* ArenaViewController.m */,
			);
			path = Controller;
			sourceTree = "<group>";
		};
		8E0BA9D322E32076004A97D2 /* Model */ = {
			isa = PBXGroup;
			children = (
			);
			path = Model;
			sourceTree = "<group>";
		};
		8E0BA9D422E32076004A97D2 /* View */ = {
			isa = PBXGroup;
			children = (
			);
			path = View;
			sourceTree = "<group>";
		};
		8E0BA9D522E32076004A97D2 /* Main */ = {
			isa = PBXGroup;
			children = (
				8E0BA9D622E32076004A97D2 /* Controller */,
				8E0BA9D722E32076004A97D2 /* Model */,
				8E0BA9D822E32076004A97D2 /* View */,
			);
			path = Main;
			sourceTree = "<group>";
		};
		8E0BA9D622E32076004A97D2 /* Controller */ = {
			isa = PBXGroup;
			children = (
			);
			path = Controller;
			sourceTree = "<group>";
		};
		8E0BA9D722E32076004A97D2 /* Model */ = {
			isa = PBXGroup;
			children = (
			);
			path = Model;
			sourceTree = "<group>";
		};
		8E0BA9D822E32076004A97D2 /* View */ = {
			isa = PBXGroup;
			children = (
			);
			path = View;
			sourceTree = "<group>";
		};
		8E0BA9D922E32076004A97D2 /* Hall */ = {
			isa = PBXGroup;
			children = (
				8E0BA9DA22E32076004A97D2 /* Controller */,
				8E0BA9DB22E32076004A97D2 /* Model */,
				8E0BA9DC22E32076004A97D2 /* View */,
			);
			path = Hall;
			sourceTree = "<group>";
		};
		8E0BA9DA22E32076004A97D2 /* Controller */ = {
			isa = PBXGroup;
			children = (
				8E0BA9F222E325EA004A97D2 /* HallViewController.h */,
				8E0BA9F322E325EA004A97D2 /* HallViewController.m */,
			);
			path = Controller;
			sourceTree = "<group>";
		};
		8E0BA9DB22E32076004A97D2 /* Model */ = {
			isa = PBXGroup;
			children = (
			);
			path = Model;
			sourceTree = "<group>";
		};
		8E0BA9DC22E32076004A97D2 /* View */ = {
			isa = PBXGroup;
			children = (
			);
			path = View;
			sourceTree = "<group>";
		};
		8E0BAA2822E41C4B004A97D2 /* NewFeature */ = {
			isa = PBXGroup;
			children = (
				8E0BAA2922E41C73004A97D2 /* NewFeatureViewController.h */,
				8E0BAA2A22E41C73004A97D2 /* NewFeatureViewController.m */,
			);
			path = NewFeature;
			sourceTree = "<group>";
		};
		8E0BAA2C22E41EE4004A97D2 /* Tool */ = {
			isa = PBXGroup;
			children = (
				8E0BAA2D22E41EF8004A97D2 /* SaveTool */,
			);
			path = Tool;
			sourceTree = "<group>";
		};
		8E0BAA2D22E41EF8004A97D2 /* SaveTool */ = {
			isa = PBXGroup;
			children = (
				8E0BAA2E22E41F51004A97D2 /* SNSaveTool.h */,
				8E0BAA2F22E41F51004A97D2 /* SNSaveTool.m */,
			);
			path = SaveTool;
			sourceTree = "<group>";
		};
		8E0BAA3122E4216B004A97D2 /* RootViewController */ = {
			isa = PBXGroup;
			children = (
				8E0BAA3222E421A8004A97D2 /* SNRootViewController.h */,
				8E0BAA3322E421A8004A97D2 /* SNRootViewController.m */,
			);
			path = RootViewController;
			sourceTree = "<group>";
		};
		9BBC50E11B79A8B7D314A237 /* Frameworks */ = {
			isa = PBXGroup;
			children = (
				61DA86DAF5744C59A475EA0D /* Pods_Lottery.framework */,
			);
			name = Frameworks;
			sourceTree = "<group>";
		};
		E01AE5E1465A19B4744E71CC /* Pods */ = {
			isa = PBXGroup;
			children = (
				06699B1FF1EAC2B3724C25A3 /* Pods-Lottery.debug.xcconfig */,
				4A816BF6D4A1AA19CBD7B044 /* Pods-Lottery.release.xcconfig */,
			);
			path = Pods;
			sourceTree = "<group>";
		};
/* End PBXGroup section */

/* Begin PBXNativeTarget section */
		8E0BA95322E305E2004A97D2 /* Lottery */ = {
			isa = PBXNativeTarget;
			buildConfigurationList = 8E0BA96A22E305E4004A97D2 /* Build configuration list for PBXNativeTarget "Lottery" */;
			buildPhases = (
				5EF610F137EEB80824753C52 /* [CP] Check Pods Manifest.lock */,
				8E0BA95022E305E2004A97D2 /* Sources */,
				8E0BA95122E305E2004A97D2 /* Frameworks */,
				8E0BA95222E305E2004A97D2 /* Resources */,
				82E0137F112AFCCBDD99FE7A /* [CP] Embed Pods Frameworks */,
			);
			buildRules = (
			);
			dependencies = (
			);
			name = Lottery;
			productName = Lottery;
			productReference = 8E0BA95422E305E2004A97D2 /* Lottery.app */;
			productType = "com.apple.product-type.application";
		};
/* End PBXNativeTarget section */

/* Begin PBXProject section */
		8E0BA94C22E305E2004A97D2 /* Project object */ = {
			isa = PBXProject;
			attributes = {
				CLASSPREFIX = "";
				LastUpgradeCheck = 1020;
				ORGANIZATIONNAME = stone;
				TargetAttributes = {
					8E0BA95322E305E2004A97D2 = {
						CreatedOnToolsVersion = 10.2.1;
					};
				};
			};
			buildConfigurationList = 8E0BA94F22E305E2004A97D2 /* Build configuration list for PBXProject "Lottery" */;
			compatibilityVersion = "Xcode 9.3";
			developmentRegion = en;
			hasScannedForEncodings = 0;
			knownRegions = (
				en,
				Base,
			);
			mainGroup = 8E0BA94B22E305E2004A97D2;
			productRefGroup = 8E0BA95522E305E2004A97D2 /* Products */;
			projectDirPath = "";
			projectRoot = "";
			targets = (
				8E0BA95322E305E2004A97D2 /* Lottery */,
			);
		};
/* End PBXProject section */

/* Begin PBXResourcesBuildPhase section */
		8E0BA95222E305E2004A97D2 /* Resources */ = {
			isa = PBXResourcesBuildPhase;
			buildActionMask = 2147483647;
			files = (
				8E0BA9F922E32A83004A97D2 /* build.scpt in Resources */,
				8E0BA9F722E32A7C004A97D2 /* xbuild.sh in Resources */,
				8E0BA9E222E32328004A97D2 /* info.plist in Resources */,
				8E0BA96422E305E4004A97D2 /* LaunchScreen.storyboard in Resources */,
				8E0BA96122E305E4004A97D2 /* Assets.xcassets in Resources */,
				8E0BA95F22E305E2004A97D2 /* Main.storyboard in Resources */,
			);
			runOnlyForDeploymentPostprocessing = 0;
		};
/* End PBXResourcesBuildPhase section */

/* Begin PBXShellScriptBuildPhase section */
		5EF610F137EEB80824753C52 /* [CP] Check Pods Manifest.lock */ = {
			isa = PBXShellScriptBuildPhase;
			buildActionMask = 2147483647;
			files = (
			);
			inputFileListPaths = (
			);
			inputPaths = (
				"${PODS_PODFILE_DIR_PATH}/Podfile.lock",
				"${PODS_ROOT}/Manifest.lock",
			);
			name = "[CP] Check Pods Manifest.lock";
			outputFileListPaths = (
			);
			outputPaths = (
				"$(DERIVED_FILE_DIR)/Pods-Lottery-checkManifestLockResult.txt",
			);
			runOnlyForDeploymentPostprocessing = 0;
			shellPath = /bin/sh;
			shellScript = "diff \"${PODS_PODFILE_DIR_PATH}/Podfile.lock\" \"${PODS_ROOT}/Manifest.lock\" > /dev/null\nif [ $? != 0 ] ; then\n    # print error to STDERR\n    echo \"error: The sandbox is not in sync with the Podfile.lock. Run 'pod install' or update your CocoaPods installation.\" >&2\n    exit 1\nfi\n# This output is used by Xcode 'outputs' to avoid re-running this script phase.\necho \"SUCCESS\" > \"${SCRIPT_OUTPUT_FILE_0}\"\n";
			showEnvVarsInLog = 0;
		};
		82E0137F112AFCCBDD99FE7A /* [CP] Embed Pods Frameworks */ = {
			isa = PBXShellScriptBuildPhase;
			buildActionMask = 2147483647;
			files = (
			);
			inputFileListPaths = (
			);
			inputPaths = (
				"${PODS_ROOT}/Target Support Files/Pods-Lottery/Pods-Lottery-frameworks.sh",
				"${BUILT_PRODUCTS_DIR}/AFNetworking/AFNetworking.framework",
				"${BUILT_PRODUCTS_DIR}/FLAnimatedImage/FLAnimatedImage.framework",
				"${BUILT_PRODUCTS_DIR}/IGListKit/IGListKit.framework",
				"${BUILT_PRODUCTS_DIR}/IQKeyboardManager/IQKeyboardManager.framework",
				"${BUILT_PRODUCTS_DIR}/KVOController/KVOController.framework",
				"${BUILT_PRODUCTS_DIR}/MBProgressHUD/MBProgressHUD.framework",
				"${BUILT_PRODUCTS_DIR}/MJExtension/MJExtension.framework",
				"${BUILT_PRODUCTS_DIR}/MJRefresh/MJRefresh.framework",
				"${BUILT_PRODUCTS_DIR}/Masonry/Masonry.framework",
				"${BUILT_PRODUCTS_DIR}/OCTemplate/OCTemplate.framework",
				"${BUILT_PRODUCTS_DIR}/ReactiveObjC/ReactiveObjC.framework",
				"${BUILT_PRODUCTS_DIR}/SDCycleScrollView/SDCycleScrollView.framework",
				"${BUILT_PRODUCTS_DIR}/SDWebImage/SDWebImage.framework",
				"${BUILT_PRODUCTS_DIR}/YTKNetwork/YTKNetwork.framework",
				"${BUILT_PRODUCTS_DIR}/YYImage/YYImage.framework",
				"${BUILT_PRODUCTS_DIR}/YYText/YYText.framework",
			);
			name = "[CP] Embed Pods Frameworks";
			outputFileListPaths = (
			);
			outputPaths = (
				"${TARGET_BUILD_DIR}/${FRAMEWORKS_FOLDER_PATH}/AFNetworking.framework",
				"${TARGET_BUILD_DIR}/${FRAMEWORKS_FOLDER_PATH}/FLAnimatedImage.framework",
				"${TARGET_BUILD_DIR}/${FRAMEWORKS_FOLDER_PATH}/IGListKit.framework",
				"${TARGET_BUILD_DIR}/${FRAMEWORKS_FOLDER_PATH}/IQKeyboardManager.framework",
				"${TARGET_BUILD_DIR}/${FRAMEWORKS_FOLDER_PATH}/KVOController.framework",
				"${TARGET_BUILD_DIR}/${FRAMEWORKS_FOLDER_PATH}/MBProgressHUD.framework",
				"${TARGET_BUILD_DIR}/${FRAMEWORKS_FOLDER_PATH}/MJExtension.framework",
				"${TARGET_BUILD_DIR}/${FRAMEWORKS_FOLDER_PATH}/MJRefresh.framework",
				"${TARGET_BUILD_DIR}/${FRAMEWORKS_FOLDER_PATH}/Masonry.framework",
				"${TARGET_BUILD_DIR}/${FRAMEWORKS_FOLDER_PATH}/OCTemplate.framework",
				"${TARGET_BUILD_DIR}/${FRAMEWORKS_FOLDER_PATH}/ReactiveObjC.framework",
				"${TARGET_BUILD_DIR}/${FRAMEWORKS_FOLDER_PATH}/SDCycleScrollView.framework",
				"${TARGET_BUILD_DIR}/${FRAMEWORKS_FOLDER_PATH}/SDWebImage.framework",
				"${TARGET_BUILD_DIR}/${FRAMEWORKS_FOLDER_PATH}/YTKNetwork.framework",
				"${TARGET_BUILD_DIR}/${FRAMEWORKS_FOLDER_PATH}/YYImage.framework",
				"${TARGET_BUILD_DIR}/${FRAMEWORKS_FOLDER_PATH}/YYText.framework",
			);
			runOnlyForDeploymentPostprocessing = 0;
			shellPath = /bin/sh;
			shellScript = "\"${PODS_ROOT}/Target Support Files/Pods-Lottery/Pods-Lottery-frameworks.sh\"\n";
			showEnvVarsInLog = 0;
		};
/* End PBXShellScriptBuildPhase section */

/* Begin PBXSourcesBuildPhase section */
		8E0BA95022E305E2004A97D2 /* Sources */ = {
			isa = PBXSourcesBuildPhase;
			buildActionMask = 2147483647;
			files = (
				8E0BAA2122E3566F004A97D2 /* SNNavigationController.m in Sources */,
				8E0BA9E522E324E3004A97D2 /* SNTabBarController.m in Sources */,
				8E0BA9E822E325B7004A97D2 /* DiscoverViewController.m in Sources */,
				8E0BA9F122E325DF004A97D2 /* ArenaViewController.m in Sources */,
				8E0BAA2B22E41C73004A97D2 /* NewFeatureViewController.m in Sources */,
				8E0BA9EB22E325C8004A97D2 /* MyLotteryViewController.m in Sources */,
				8E0BA9B722E31FBD004A97D2 /* SNTransitionBaseViewController.m in Sources */,
				8E0BA9EE22E325D5004A97D2 /* HistoryViewController.m in Sources */,
				8E0BA9AB22E31FB0004A97D2 /* ViewController.m in Sources */,
				8E0BAA3422E421A8004A97D2 /* SNRootViewController.m in Sources */,
				8E0BA9F422E325EA004A97D2 /* HallViewController.m in Sources */,
				8E0BAA2722E382DC004A97D2 /* SNFullScreenNavigationController.m in Sources */,
				8E0BA9FC22E33048004A97D2 /* SNTabBar.m in Sources */,
				8E0BA9B822E31FBD004A97D2 /* SNTransitionPresenPushStyleAnimator.m in Sources */,
				8E0BA9BA22E31FBD004A97D2 /* PushWebViewController.m in Sources */,
				8E0BA9C122E31FC8004A97D2 /* main.m in Sources */,
				8E0BA9B922E31FBD004A97D2 /* SNTransitionDismissPopStyleAnimator.m in Sources */,
				8E0BAA3022E41F51004A97D2 /* SNSaveTool.m in Sources */,
				8E0BAA2422E3793D004A97D2 /* SNNoTitleNavigationController.m in Sources */,
				8E0BA9C222E31FC8004A97D2 /* AppDelegate.m in Sources */,
			);
			runOnlyForDeploymentPostprocessing = 0;
		};
/* End PBXSourcesBuildPhase section */

/* Begin PBXVariantGroup section */
		8E0BA95D22E305E2004A97D2 /* Main.storyboard */ = {
			isa = PBXVariantGroup;
			children = (
				8E0BA95E22E305E2004A97D2 /* Base */,
			);
			name = Main.storyboard;
			sourceTree = "<group>";
		};
		8E0BA96222E305E4004A97D2 /* LaunchScreen.storyboard */ = {
			isa = PBXVariantGroup;
			children = (
				8E0BA96322E305E4004A97D2 /* Base */,
			);
			name = LaunchScreen.storyboard;
			sourceTree = "<group>";
		};
/* End PBXVariantGroup section */

/* Begin XCBuildConfiguration section */
		8E0BA96822E305E4004A97D2 /* Debug */ = {
			isa = XCBuildConfiguration;
			buildSettings = {
				ALWAYS_SEARCH_USER_PATHS = NO;
				CLANG_ANALYZER_NONNULL = YES;
				CLANG_ANALYZER_NUMBER_OBJECT_CONVERSION = YES_AGGRESSIVE;
				CLANG_CXX_LANGUAGE_STANDARD = "gnu++14";
				CLANG_CXX_LIBRARY = "libc++";
				CLANG_ENABLE_MODULES = YES;
				CLANG_ENABLE_OBJC_ARC = YES;
				CLANG_ENABLE_OBJC_WEAK = YES;
				CLANG_WARN_BLOCK_CAPTURE_AUTORELEASING = YES;
				CLANG_WARN_BOOL_CONVERSION = YES;
				CLANG_WARN_COMMA = YES;
				CLANG_WARN_CONSTANT_CONVERSION = YES;
				CLANG_WARN_DEPRECATED_OBJC_IMPLEMENTATIONS = YES;
				CLANG_WARN_DIRECT_OBJC_ISA_USAGE = YES_ERROR;
				CLANG_WARN_DOCUMENTATION_COMMENTS = YES;
				CLANG_WARN_EMPTY_BODY = YES;
				CLANG_WARN_ENUM_CONVERSION = YES;
				CLANG_WARN_INFINITE_RECURSION = YES;
				CLANG_WARN_INT_CONVERSION = YES;
				CLANG_WARN_NON_LITERAL_NULL_CONVERSION = YES;
				CLANG_WARN_OBJC_IMPLICIT_RETAIN_SELF = YES;
				CLANG_WARN_OBJC_LITERAL_CONVERSION = YES;
				CLANG_WARN_OBJC_ROOT_CLASS = YES_ERROR;
				CLANG_WARN_RANGE_LOOP_ANALYSIS = YES;
				CLANG_WARN_STRICT_PROTOTYPES = YES;
				CLANG_WARN_SUSPICIOUS_MOVE = YES;
				CLANG_WARN_UNGUARDED_AVAILABILITY = YES_AGGRESSIVE;
				CLANG_WARN_UNREACHABLE_CODE = YES;
				CLANG_WARN__DUPLICATE_METHOD_MATCH = YES;
				CODE_SIGN_IDENTITY = "iPhone Developer";
				COPY_PHASE_STRIP = NO;
				DEBUG_INFORMATION_FORMAT = dwarf;
				ENABLE_STRICT_OBJC_MSGSEND = YES;
				ENABLE_TESTABILITY = YES;
				GCC_C_LANGUAGE_STANDARD = gnu11;
				GCC_DYNAMIC_NO_PIC = NO;
				GCC_NO_COMMON_BLOCKS = YES;
				GCC_OPTIMIZATION_LEVEL = 0;
				GCC_PREPROCESSOR_DEFINITIONS = (
					"DEBUG=1",
					"$(inherited)",
				);
				GCC_WARN_64_TO_32_BIT_CONVERSION = YES;
				GCC_WARN_ABOUT_RETURN_TYPE = YES_ERROR;
				GCC_WARN_UNDECLARED_SELECTOR = YES;
				GCC_WARN_UNINITIALIZED_AUTOS = YES_AGGRESSIVE;
				GCC_WARN_UNUSED_FUNCTION = YES;
				GCC_WARN_UNUSED_VARIABLE = YES;
				IPHONEOS_DEPLOYMENT_TARGET = 12.2;
				MTL_ENABLE_DEBUG_INFO = INCLUDE_SOURCE;
				MTL_FAST_MATH = YES;
				ONLY_ACTIVE_ARCH = YES;
				SDKROOT = iphoneos;
			};
			name = Debug;
		};
		8E0BA96922E305E4004A97D2 /* Release */ = {
			isa = XCBuildConfiguration;
			buildSettings = {
				ALWAYS_SEARCH_USER_PATHS = NO;
				CLANG_ANALYZER_NONNULL = YES;
				CLANG_ANALYZER_NUMBER_OBJECT_CONVERSION = YES_AGGRESSIVE;
				CLANG_CXX_LANGUAGE_STANDARD = "gnu++14";
				CLANG_CXX_LIBRARY = "libc++";
				CLANG_ENABLE_MODULES = YES;
				CLANG_ENABLE_OBJC_ARC = YES;
				CLANG_ENABLE_OBJC_WEAK = YES;
				CLANG_WARN_BLOCK_CAPTURE_AUTORELEASING = YES;
				CLANG_WARN_BOOL_CONVERSION = YES;
				CLANG_WARN_COMMA = YES;
				CLANG_WARN_CONSTANT_CONVERSION = YES;
				CLANG_WARN_DEPRECATED_OBJC_IMPLEMENTATIONS = YES;
				CLANG_WARN_DIRECT_OBJC_ISA_USAGE = YES_ERROR;
				CLANG_WARN_DOCUMENTATION_COMMENTS = YES;
				CLANG_WARN_EMPTY_BODY = YES;
				CLANG_WARN_ENUM_CONVERSION = YES;
				CLANG_WARN_INFINITE_RECURSION = YES;
				CLANG_WARN_INT_CONVERSION = YES;
				CLANG_WARN_NON_LITERAL_NULL_CONVERSION = YES;
				CLANG_WARN_OBJC_IMPLICIT_RETAIN_SELF = YES;
				CLANG_WARN_OBJC_LITERAL_CONVERSION = YES;
				CLANG_WARN_OBJC_ROOT_CLASS = YES_ERROR;
				CLANG_WARN_RANGE_LOOP_ANALYSIS = YES;
				CLANG_WARN_STRICT_PROTOTYPES = YES;
				CLANG_WARN_SUSPICIOUS_MOVE = YES;
				CLANG_WARN_UNGUARDED_AVAILABILITY = YES_AGGRESSIVE;
				CLANG_WARN_UNREACHABLE_CODE = YES;
				CLANG_WARN__DUPLICATE_METHOD_MATCH = YES;
				CODE_SIGN_IDENTITY = "iPhone Developer";
				COPY_PHASE_STRIP = NO;
				DEBUG_INFORMATION_FORMAT = "dwarf-with-dsym";
				ENABLE_NS_ASSERTIONS = NO;
				ENABLE_STRICT_OBJC_MSGSEND = YES;
				GCC_C_LANGUAGE_STANDARD = gnu11;
				GCC_NO_COMMON_BLOCKS = YES;
				GCC_WARN_64_TO_32_BIT_CONVERSION = YES;
				GCC_WARN_ABOUT_RETURN_TYPE = YES_ERROR;
				GCC_WARN_UNDECLARED_SELECTOR = YES;
				GCC_WARN_UNINITIALIZED_AUTOS = YES_AGGRESSIVE;
				GCC_WARN_UNUSED_FUNCTION = YES;
				GCC_WARN_UNUSED_VARIABLE = YES;
				IPHONEOS_DEPLOYMENT_TARGET = 12.2;
				MTL_ENABLE_DEBUG_INFO = NO;
				MTL_FAST_MATH = YES;
				SDKROOT = iphoneos;
				VALIDATE_PRODUCT = YES;
			};
			name = Release;
		};
		8E0BA96B22E305E4004A97D2 /* Debug */ = {
			isa = XCBuildConfiguration;
			baseConfigurationReference = 06699B1FF1EAC2B3724C25A3 /* Pods-Lottery.debug.xcconfig */;
			buildSettings = {
				ASSETCATALOG_COMPILER_APPICON_NAME = AppIcon;
				CODE_SIGN_STYLE = Automatic;
				DEVELOPMENT_TEAM = CCY4J8QDXD;
				GCC_PRECOMPILE_PREFIX_HEADER = YES;
				GCC_PREFIX_HEADER = "$(SRCROOT)/$(PRODUCT_NAME)/SNPrefix.pch";
				INFOPLIST_FILE = Lottery/Info.plist;
				IPHONEOS_DEPLOYMENT_TARGET = 9.0;
				LD_RUNPATH_SEARCH_PATHS = (
					"$(inherited)",
					"@executable_path/Frameworks",
				);
				OTHER_LDFLAGS = (
					"$(inherited)",
					"-ObjC",
					"-l\"c++\"",
					"-l\"z\"",
					"-framework",
					"\"AFNetworking\"",
					"-framework",
					"\"Accelerate\"",
					"-framework",
					"\"AssetsLibrary\"",
					"-framework",
					"\"CFNetwork\"",
					"-framework",
					"\"CoreFoundation\"",
					"-framework",
					"\"CoreGraphics\"",
					"-framework",
					"\"CoreText\"",
					"-framework",
					"\"FLAnimatedImage\"",
					"-framework",
					"\"Foundation\"",
					"-framework",
					"\"IGListKit\"",
					"-framework",
					"\"IQKeyboardManager\"",
					"-framework",
					"\"ImageIO\"",
					"-framework",
					"\"KVOController\"",
					"-framework",
					"\"MBProgressHUD\"",
					"-framework",
					"\"MJExtension\"",
					"-framework",
					"\"MJRefresh\"",
					"-framework",
					"\"Masonry\"",
					"-framework",
					"\"MobileCoreServices\"",
					"-framework",
					"\"OCTemplate\"",
					"-framework",
					"\"QuartzCore\"",
					"-framework",
					"\"ReactiveObjC\"",
					"-framework",
					"\"SDCycleScrollView\"",
					"-framework",
					"\"SDWebImage\"",
					"-framework",
					"\"Security\"",
					"-framework",
					"\"SystemConfiguration\"",
					"-framework",
					"\"UIKit\"",
					"-framework",
					"\"YTKNetwork\"",
					"-framework",
					"\"YYImage\"",
					"-framework",
					"\"YYText\"",
				);
				PRODUCT_BUNDLE_IDENTIFIER = com.stone.Lottery;
				PRODUCT_NAME = "$(TARGET_NAME)";
				TARGETED_DEVICE_FAMILY = "1,2";
			};
			name = Debug;
		};
		8E0BA96C22E305E4004A97D2 /* Release */ = {
			isa = XCBuildConfiguration;
			baseConfigurationReference = 4A816BF6D4A1AA19CBD7B044 /* Pods-Lottery.release.xcconfig */;
			buildSettings = {
				ASSETCATALOG_COMPILER_APPICON_NAME = AppIcon;
				CODE_SIGN_STYLE = Automatic;
				DEVELOPMENT_TEAM = CCY4J8QDXD;
				GCC_PRECOMPILE_PREFIX_HEADER = YES;
				GCC_PREFIX_HEADER = "$(SRCROOT)/$(PRODUCT_NAME)/SNPrefix.pch";
				INFOPLIST_FILE = Lottery/Info.plist;
				IPHONEOS_DEPLOYMENT_TARGET = 9.0;
				LD_RUNPATH_SEARCH_PATHS = (
					"$(inherited)",
					"@executable_path/Frameworks",
				);
				OTHER_LDFLAGS = (
					"$(inherited)",
					"-ObjC",
					"-l\"c++\"",
					"-l\"z\"",
					"-framework",
					"\"AFNetworking\"",
					"-framework",
					"\"Accelerate\"",
					"-framework",
					"\"AssetsLibrary\"",
					"-framework",
					"\"CFNetwork\"",
					"-framework",
					"\"CoreFoundation\"",
					"-framework",
					"\"CoreGraphics\"",
					"-framework",
					"\"CoreText\"",
					"-framework",
					"\"FLAnimatedImage\"",
					"-framework",
					"\"Foundation\"",
					"-framework",
					"\"IGListKit\"",
					"-framework",
					"\"IQKeyboardManager\"",
					"-framework",
					"\"ImageIO\"",
					"-framework",
					"\"KVOController\"",
					"-framework",
					"\"MBProgressHUD\"",
					"-framework",
					"\"MJExtension\"",
					"-framework",
					"\"MJRefresh\"",
					"-framework",
					"\"Masonry\"",
					"-framework",
					"\"MobileCoreServices\"",
					"-framework",
					"\"OCTemplate\"",
					"-framework",
					"\"QuartzCore\"",
					"-framework",
					"\"ReactiveObjC\"",
					"-framework",
					"\"SDCycleScrollView\"",
					"-framework",
					"\"SDWebImage\"",
					"-framework",
					"\"Security\"",
					"-framework",
					"\"SystemConfiguration\"",
					"-framework",
					"\"UIKit\"",
					"-framework",
					"\"YTKNetwork\"",
					"-framework",
					"\"YYImage\"",
					"-framework",
					"\"YYText\"",
				);
				PRODUCT_BUNDLE_IDENTIFIER = com.stone.Lottery;
				PRODUCT_NAME = "$(TARGET_NAME)";
				TARGETED_DEVICE_FAMILY = "1,2";
			};
			name = Release;
		};
/* End XCBuildConfiguration section */

/* Begin XCConfigurationList section */
		8E0BA94F22E305E2004A97D2 /* Build configuration list for PBXProject "Lottery" */ = {
			isa = XCConfigurationList;
			buildConfigurations = (
				8E0BA96822E305E4004A97D2 /* Debug */,
				8E0BA96922E305E4004A97D2 /* Release */,
			);
			defaultConfigurationIsVisible = 0;
			defaultConfigurationName = Release;
		};
		8E0BA96A22E305E4004A97D2 /* Build configuration list for PBXNativeTarget "Lottery" */ = {
			isa = XCConfigurationList;
			buildConfigurations = (
				8E0BA96B22E305E4004A97D2 /* Debug */,
				8E0BA96C22E305E4004A97D2 /* Release */,
			);
			defaultConfigurationIsVisible = 0;
			defaultConfigurationName = Release;
		};
/* End XCConfigurationList section */
	};
	rootObject = 8E0BA94C22E305E2004A97D2 /* Project object */;
}
